
Microsoft Visual Studio Solution File, Format Version 12.00
# Visual Studio Version 17
VisualStudioVersion = 17.3.32922.545
MinimumVisualStudioVersion = 10.0.40219.1
Project("{FAE04EC0-301F-11D3-BF4B-00C04F79EFBC}") = "4.19과제", "4.19과제\4.19과제.csproj", "{C3BE5B9F-87BA-4EA1-A2E1-DDD0050EDCB5}"
EndProject
Global
	GlobalSection(SolutionConfigurationPlatforms) = preSolution
		Debug|Any CPU = Debug|Any CPU
		Release|Any CPU = Release|Any CPU
	EndGlobalSection
	GlobalSection(ProjectConfigurationPlatforms) = postSolution
		{C3BE5B9F-87BA-4EA1-A2E1-DDD0050EDCB5}.Debug|Any CPU.ActiveCfg = Debug|Any CPU
		{C3BE5B9F-87BA-4EA1-A2E1-DDD0050EDCB5}.Debug|Any CPU.Build.0 = Debug|Any CPU
		{C3BE5B9F-87BA-4EA1-A2E1-DDD0050EDCB5}.Release|Any CPU.ActiveCfg = Release|Any CPU
		{C3BE5B9F-87BA-4EA1-A2E1-DDD0050EDCB5}.Release|Any CPU.Build.0 = Release|Any CPU
	EndGlobalSection
	GlobalSection(SolutionProperties) = preSolution
		HideSolutionNode = FALSE
	EndGlobalSection
	GlobalSection(ExtensibilityGlobals) = postSolution
		SolutionGuid = {F80CB5AA-286A-45E9-9241-83E85FFF7C5A}
	EndGlobalSection
EndGlobal
